# THIS IS AN AUTOGENERATED FILE. DO NOT EDIT THIS FILE DIRECTLY.
# yarn lockfile v1


"@types/node@^16.18.6":
  version "16.18.27"
  resolved "https://registry.yarnpkg.com/@types/node/-/node-16.18.27.tgz#d515767a4a7bc44eaec336ac7ff1bde338a17704"
  integrity sha512-GFfndd/RINWD19W+xNJ9Qh/sOZ5ieTiOSagA86ER/12i/l+MEnQxsbldGRF23azWjRfe7zUlAldyrwN84a1E5w==

typescript@^4.9.3:
  version "4.9.5"
  resolved "https://registry.yarnpkg.com/typescript/-/typescript-4.9.5.tgz#095979f9bcc0d09da324d58d03ce8f8374cbe65a"
  integrity sha512-1FXk9E2Hm+QzZQ7z+McJiHL4NW1F2EzMu9Nq9i3zAaGqibafqYwCVU6WyWAuyQRRzOlxou8xZSyXLEN8oKj24g==
